// !$*UTF8*$!
{
	archiveVersion = 1;
	classes = {
	};
	objectVersion = 56;
	objects = {

/* Begin PBXBuildFile section */
		32B8D62F2A4C574B0069A7E9 /* AppDelegate.swift in Sources */ = {isa = PBXBuildFile; fileRef = 32B8D62E2A4C574B0069A7E9 /* AppDelegate.swift */; };
		32B8D6312A4C574B0069A7E9 /* SceneDelegate.swift in Sources */ = {isa = PBXBuildFile; fileRef = 32B8D6302A4C574B0069A7E9 /* SceneDelegate.swift */; };
		32B8D6332A4C574B0069A7E9 /* FacilityViewController.swift in Sources */ = {isa = PBXBuildFile; fileRef = 32B8D6322A4C574B0069A7E9 /* FacilityViewController.swift */; };
		32B8D6362A4C574B0069A7E9 /* Main.storyboard in Resources */ = {isa = PBXBuildFile; fileRef = 32B8D6342A4C574B0069A7E9 /* Main.storyboard */; };
		32B8D6382A4C574C0069A7E9 /* Assets.xcassets in Resources */ = {isa = PBXBuildFile; fileRef = 32B8D6372A4C574C0069A7E9 /* Assets.xcassets */; };
		32B8D63B2A4C574C0069A7E9 /* LaunchScreen.storyboard in Resources */ = {isa = PBXBuildFile; fileRef = 32B8D6392A4C574C0069A7E9 /* LaunchScreen.storyboard */; };
		32B8D6432A4C576E0069A7E9 /* NetworkManager.swift in Sources */ = {isa = PBXBuildFile; fileRef = 32B8D6422A4C576E0069A7E9 /* NetworkManager.swift */; };
		32B8D6452A4C5CBC0069A7E9 /* FacilitiesDataModel.swift in Sources */ = {isa = PBXBuildFile; fileRef = 32B8D6442A4C5CBC0069A7E9 /* FacilitiesDataModel.swift */; };
		32B8D6472A4C5FF20069A7E9 /* FacilityViewModel.swift in Sources */ = {isa = PBXBuildFile; fileRef = 32B8D6462A4C5FF20069A7E9 /* FacilityViewModel.swift */; };
		32B8D64A2A4C71CA0069A7E9 /* FacilityCollectionViewCell.swift in Sources */ = {isa = PBXBuildFile; fileRef = 32B8D6482A4C71CA0069A7E9 /* FacilityCollectionViewCell.swift */; };
		32B8D64B2A4C71CA0069A7E9 /* FacilityCollectionViewCell.xib in Resources */ = {isa = PBXBuildFile; fileRef = 32B8D6492A4C71CA0069A7E9 /* FacilityCollectionViewCell.xib */; };
		32B8D64D2A4D57330069A7E9 /* ExclusiveFacilityModel.swift in Sources */ = {isa = PBXBuildFile; fileRef = 32B8D64C2A4D57330069A7E9 /* ExclusiveFacilityModel.swift */; };
		32B8D64F2A4D84CA0069A7E9 /* Extension.swift in Sources */ = {isa = PBXBuildFile; fileRef = 32B8D64E2A4D84CA0069A7E9 /* Extension.swift */; };
		32B8D6572A4D8FF70069A7E9 /* README.md in Resources */ = {isa = PBXBuildFile; fileRef = 32B8D6562A4D8FF70069A7E9 /* README.md */; };
/* End PBXBuildFile section */

/* Begin PBXFileReference section */
		32B8D62B2A4C574B0069A7E9 /* RadiusScreeningTest.app */ = {isa = PBXFileReference; explicitFileType = wrapper.application; includeInIndex = 0; path = RadiusScreeningTest.app; sourceTree = BUILT_PRODUCTS_DIR; };
		32B8D62E2A4C574B0069A7E9 /* AppDelegate.swift */ = {isa = PBXFileReference; lastKnownFileType = sourcecode.swift; path = AppDelegate.swift; sourceTree = "<group>"; };
		32B8D6302A4C574B0069A7E9 /* SceneDelegate.swift */ = {isa = PBXFileReference; lastKnownFileType = sourcecode.swift; path = SceneDelegate.swift; sourceTree = "<group>"; };
		32B8D6322A4C574B0069A7E9 /* FacilityViewController.swift */ = {isa = PBXFileReference; lastKnownFileType = sourcecode.swift; path = FacilityViewController.swift; sourceTree = "<group>"; };
		32B8D6352A4C574B0069A7E9 /* Base */ = {isa = PBXFileReference; lastKnownFileType = file.storyboard; name = Base; path = Base.lproj/Main.storyboard; sourceTree = "<group>"; };
		32B8D6372A4C574C0069A7E9 /* Assets.xcassets */ = {isa = PBXFileReference; lastKnownFileType = folder.assetcatalog; path = Assets.xcassets; sourceTree = "<group>"; };
		32B8D63A2A4C574C0069A7E9 /* Base */ = {isa = PBXFileReference; lastKnownFileType = file.storyboard; name = Base; path = Base.lproj/LaunchScreen.storyboard; sourceTree = "<group>"; };
		32B8D63C2A4C574C0069A7E9 /* Info.plist */ = {isa = PBXFileReference; lastKnownFileType = text.plist.xml; path = Info.plist; sourceTree = "<group>"; };
		32B8D6422A4C576E0069A7E9 /* NetworkManager.swift */ = {isa = PBXFileReference; lastKnownFileType = sourcecode.swift; path = NetworkManager.swift; sourceTree = "<group>"; };
		32B8D6442A4C5CBC0069A7E9 /* FacilitiesDataModel.swift */ = {isa = PBXFileReference; lastKnownFileType = sourcecode.swift; path = FacilitiesDataModel.swift; sourceTree = "<group>"; };
		32B8D6462A4C5FF20069A7E9 /* FacilityViewModel.swift */ = {isa = PBXFileReference; lastKnownFileType = sourcecode.swift; path = FacilityViewModel.swift; sourceTree = "<group>"; };
		32B8D6482A4C71CA0069A7E9 /* FacilityCollectionViewCell.swift */ = {isa = PBXFileReference; lastKnownFileType = sourcecode.swift; path = FacilityCollectionViewCell.swift; sourceTree = "<group>"; };
		32B8D6492A4C71CA0069A7E9 /* FacilityCollectionViewCell.xib */ = {isa = PBXFileReference; lastKnownFileType = file.xib; path = FacilityCollectionViewCell.xib; sourceTree = "<group>"; };
		32B8D64C2A4D57330069A7E9 /* ExclusiveFacilityModel.swift */ = {isa = PBXFileReference; lastKnownFileType = sourcecode.swift; path = ExclusiveFacilityModel.swift; sourceTree = "<group>"; };
		32B8D64E2A4D84CA0069A7E9 /* Extension.swift */ = {isa = PBXFileReference; lastKnownFileType = sourcecode.swift; path = Extension.swift; sourceTree = "<group>"; };
		32B8D6562A4D8FF70069A7E9 /* README.md */ = {isa = PBXFileReference; lastKnownFileType = net.daringfireball.markdown; path = README.md; sourceTree = "<group>"; };
/* End PBXFileReference section */

/* Begin PBXFrameworksBuildPhase section */
		32B8D6282A4C574B0069A7E9 /* Frameworks */ = {
			isa = PBXFrameworksBuildPhase;
			buildActionMask = 2147483647;
			files = (
			);
			runOnlyForDeploymentPostprocessing = 0;
		};
/* End PBXFrameworksBuildPhase section */

/* Begin PBXGroup section */
		32B8D6222A4C574B0069A7E9 = {
			isa = PBXGroup;
			children = (
				32B8D62D2A4C574B0069A7E9 /* RadiusScreeningTest */,
				32B8D62C2A4C574B0069A7E9 /* Products */,
			);
			sourceTree = "<group>";
		};
		32B8D62C2A4C574B0069A7E9 /* Products */ = {
			isa = PBXGroup;
			children = (
				32B8D62B2A4C574B0069A7E9 /* RadiusScreeningTest.app */,
			);
			name = Products;
			sourceTree = "<group>";
		};
		32B8D62D2A4C574B0069A7E9 /* RadiusScreeningTest */ = {
			isa = PBXGroup;
			children = (
				32B8D6532A4D8EB70069A7E9 /* FacilityScreen */,
				32B8D6542A4D8ECC0069A7E9 /* HelperFiles */,
				32B8D6552A4D8EF00069A7E9 /* Assets And StoryBoard */,
				32B8D63C2A4C574C0069A7E9 /* Info.plist */,
				32B8D6562A4D8FF70069A7E9 /* README.md */,
			);
			path = RadiusScreeningTest;
			sourceTree = "<group>";
		};
		32B8D6502A4D8E5F0069A7E9 /* Models */ = {
			isa = PBXGroup;
			children = (
				32B8D6442A4C5CBC0069A7E9 /* FacilitiesDataModel.swift */,
				32B8D64C2A4D57330069A7E9 /* ExclusiveFacilityModel.swift */,
			);
			path = Models;
			sourceTree = "<group>";
		};
		32B8D6512A4D8E8B0069A7E9 /* Views */ = {
			isa = PBXGroup;
			children = (
				32B8D6322A4C574B0069A7E9 /* FacilityViewController.swift */,
				32B8D6482A4C71CA0069A7E9 /* FacilityCollectionViewCell.swift */,
				32B8D6492A4C71CA0069A7E9 /* FacilityCollectionViewCell.xib */,
			);
			path = Views;
			sourceTree = "<group>";
		};
		32B8D6522A4D8EA20069A7E9 /* ViewModel */ = {
			isa = PBXGroup;
			children = (
				32B8D6462A4C5FF20069A7E9 /* FacilityViewModel.swift */,
			);
			path = ViewModel;
			sourceTree = "<group>";
		};
		32B8D6532A4D8EB70069A7E9 /* FacilityScreen */ = {
			isa = PBXGroup;
			children = (
				32B8D6502A4D8E5F0069A7E9 /* Models */,
				32B8D6512A4D8E8B0069A7E9 /* Views */,
				32B8D6522A4D8EA20069A7E9 /* ViewModel */,
			);
			path = FacilityScreen;
			sourceTree = "<group>";
		};
		32B8D6542A4D8ECC0069A7E9 /* HelperFiles */ = {
			isa = PBXGroup;
			children = (
				32B8D62E2A4C574B0069A7E9 /* AppDelegate.swift */,
				32B8D6302A4C574B0069A7E9 /* SceneDelegate.swift */,
				32B8D6422A4C576E0069A7E9 /* NetworkManager.swift */,
				32B8D64E2A4D84CA0069A7E9 /* Extension.swift */,
			);
			path = HelperFiles;
			sourceTree = "<group>";
		};
		32B8D6552A4D8EF00069A7E9 /* Assets And StoryBoard */ = {
			isa = PBXGroup;
			children = (
				32B8D6342A4C574B0069A7E9 /* Main.storyboard */,
				32B8D6372A4C574C0069A7E9 /* Assets.xcassets */,
				32B8D6392A4C574C0069A7E9 /* LaunchScreen.storyboard */,
			);
			path = "Assets And StoryBoard";
			sourceTree = "<group>";
		};
/* End PBXGroup section */

/* Begin PBXNativeTarget section */
		32B8D62A2A4C574B0069A7E9 /* RadiusScreeningTest */ = {
			isa = PBXNativeTarget;
			buildConfigurationList = 32B8D63F2A4C574C0069A7E9 /* Build configuration list for PBXNativeTarget "RadiusScreeningTest" */;
			buildPhases = (
				32B8D6272A4C574B0069A7E9 /* Sources */,
				32B8D6282A4C574B0069A7E9 /* Frameworks */,
				32B8D6292A4C574B0069A7E9 /* Resources */,
			);
			buildRules = (
			);
			dependencies = (
			);
			name = RadiusScreeningTest;
			productName = RadiusScreeningTest;
			productReference = 32B8D62B2A4C574B0069A7E9 /* RadiusScreeningTest.app */;
			productType = "com.apple.product-type.application";
		};
/* End PBXNativeTarget section */

/* Begin PBXProject section */
		32B8D6232A4C574B0069A7E9 /* Project object */ = {
			isa = PBXProject;
			attributes = {
				BuildIndependentTargetsInParallel = 1;
				LastSwiftUpdateCheck = 1430;
				LastUpgradeCheck = 1430;
				TargetAttributes = {
					32B8D62A2A4C574B0069A7E9 = {
						CreatedOnToolsVersion = 14.3.1;
					};
				};
			};
			buildConfigurationList = 32B8D6262A4C574B0069A7E9 /* Build configuration list for PBXProject "RadiusScreeningTest" */;
			compatibilityVersion = "Xcode 14.0";
			developmentRegion = en;
			hasScannedForEncodings = 0;
			knownRegions = (
				en,
				Base,
			);
			mainGroup = 32B8D6222A4C574B0069A7E9;
			productRefGroup = 32B8D62C2A4C574B0069A7E9 /* Products */;
			projectDirPath = "";
			projectRoot = "";
			targets = (
				32B8D62A2A4C574B0069A7E9 /* RadiusScreeningTest */,
			);
		};
/* End PBXProject section */

/* Begin PBXResourcesBuildPhase section */
		32B8D6292A4C574B0069A7E9 /* Resources */ = {
			isa = PBXResourcesBuildPhase;
			buildActionMask = 2147483647;
			files = (
				32B8D63B2A4C574C0069A7E9 /* LaunchScreen.storyboard in Resources */,
				32B8D6382A4C574C0069A7E9 /* Assets.xcassets in Resources */,
				32B8D6572A4D8FF70069A7E9 /* README.md in Resources */,
				32B8D64B2A4C71CA0069A7E9 /* FacilityCollectionViewCell.xib in Resources */,
				32B8D6362A4C574B0069A7E9 /* Main.storyboard in Resources */,
			);
			runOnlyForDeploymentPostprocessing = 0;
		};
/* End PBXResourcesBuildPhase section */

/* Begin PBXSourcesBuildPhase section */
		32B8D6272A4C574B0069A7E9 /* Sources */ = {
			isa = PBXSourcesBuildPhase;
			buildActionMask = 2147483647;
			files = (
				32B8D64F2A4D84CA0069A7E9 /* Extension.swift in Sources */,
				32B8D6432A4C576E0069A7E9 /* NetworkManager.swift in Sources */,
				32B8D6332A4C574B0069A7E9 /* FacilityViewController.swift in Sources */,
				32B8D62F2A4C574B0069A7E9 /* AppDelegate.swift in Sources */,
				32B8D64A2A4C71CA0069A7E9 /* FacilityCollectionViewCell.swift in Sources */,
				32B8D6452A4C5CBC0069A7E9 /* FacilitiesDataModel.swift in Sources */,
				32B8D64D2A4D57330069A7E9 /* ExclusiveFacilityModel.swift in Sources */,
				32B8D6472A4C5FF20069A7E9 /* FacilityViewModel.swift in Sources */,
				32B8D6312A4C574B0069A7E9 /* SceneDelegate.swift in Sources */,
			);
			runOnlyForDeploymentPostprocessing = 0;
		};
/* End PBXSourcesBuildPhase section */

/* Begin PBXVariantGroup section */
		32B8D6342A4C574B0069A7E9 /* Main.storyboard */ = {
			isa = PBXVariantGroup;
			children = (
				32B8D6352A4C574B0069A7E9 /* Base */,
			);
			name = Main.storyboard;
			sourceTree = "<group>";
		};
		32B8D6392A4C574C0069A7E9 /* LaunchScreen.storyboard */ = {
			isa = PBXVariantGroup;
			children = (
				32B8D63A2A4C574C0069A7E9 /* Base */,
			);
			name = LaunchScreen.storyboard;
			sourceTree = "<group>";
		};
/* End PBXVariantGroup section */

/* Begin XCBuildConfiguration section */
		32B8D63D2A4C574C0069A7E9 /* Debug */ = {
			isa = XCBuildConfiguration;
			buildSettings = {
				ALWAYS_SEARCH_USER_PATHS = NO;
				CLANG_ANALYZER_NONNULL = YES;
				CLANG_ANALYZER_NUMBER_OBJECT_CONVERSION = YES_AGGRESSIVE;
				CLANG_CXX_LANGUAGE_STANDARD = "gnu++20";
				CLANG_ENABLE_MODULES = YES;
				CLANG_ENABLE_OBJC_ARC = YES;
				CLANG_ENABLE_OBJC_WEAK = YES;
				CLANG_WARN_BLOCK_CAPTURE_AUTORELEASING = YES;
				CLANG_WARN_BOOL_CONVERSION = YES;
				CLANG_WARN_COMMA = YES;
				CLANG_WARN_CONSTANT_CONVERSION = YES;
				CLANG_WARN_DEPRECATED_OBJC_IMPLEMENTATIONS = YES;
				CLANG_WARN_DIRECT_OBJC_ISA_USAGE = YES_ERROR;
				CLANG_WARN_DOCUMENTATION_COMMENTS = YES;
				CLANG_WARN_EMPTY_BODY = YES;
				CLANG_WARN_ENUM_CONVERSION = YES;
				CLANG_WARN_INFINITE_RECURSION = YES;
				CLANG_WARN_INT_CONVERSION = YES;
				CLANG_WARN_NON_LITERAL_NULL_CONVERSION = YES;
				CLANG_WARN_OBJC_IMPLICIT_RETAIN_SELF = YES;
				CLANG_WARN_OBJC_LITERAL_CONVERSION = YES;
				CLANG_WARN_OBJC_ROOT_CLASS = YES_ERROR;
				CLANG_WARN_QUOTED_INCLUDE_IN_FRAMEWORK_HEADER = YES;
				CLANG_WARN_RANGE_LOOP_ANALYSIS = YES;
				CLANG_WARN_STRICT_PROTOTYPES = YES;
				CLANG_WARN_SUSPICIOUS_MOVE = YES;
				CLANG_WARN_UNGUARDED_AVAILABILITY = YES_AGGRESSIVE;
				CLANG_WARN_UNREACHABLE_CODE = YES;
				CLANG_WARN__DUPLICATE_METHOD_MATCH = YES;
				COPY_PHASE_STRIP = NO;
				DEBUG_INFORMATION_FORMAT = dwarf;
				ENABLE_STRICT_OBJC_MSGSEND = YES;
				ENABLE_TESTABILITY = YES;
				GCC_C_LANGUAGE_STANDARD = gnu11;
				GCC_DYNAMIC_NO_PIC = NO;
				GCC_NO_COMMON_BLOCKS = YES;
				GCC_OPTIMIZATION_LEVEL = 0;
				GCC_PREPROCESSOR_DEFINITIONS = (
					"DEBUG=1",
					"$(inherited)",
				);
				GCC_WARN_64_TO_32_BIT_CONVERSION = YES;
				GCC_WARN_ABOUT_RETURN_TYPE = YES_ERROR;
				GCC_WARN_UNDECLARED_SELECTOR = YES;
				GCC_WARN_UNINITIALIZED_AUTOS = YES_AGGRESSIVE;
				GCC_WARN_UNUSED_FUNCTION = YES;
				GCC_WARN_UNUSED_VARIABLE = YES;
				IPHONEOS_DEPLOYMENT_TARGET = 16.4;
				MTL_ENABLE_DEBUG_INFO = INCLUDE_SOURCE;
				MTL_FAST_MATH = YES;
				ONLY_ACTIVE_ARCH = YES;
				SDKROOT = iphoneos;
				SWIFT_ACTIVE_COMPILATION_CONDITIONS = DEBUG;
				SWIFT_OPTIMIZATION_LEVEL = "-Onone";
			};
			name = Debug;
		};
		32B8D63E2A4C574C0069A7E9 /* Release */ = {
			isa = XCBuildConfiguration;
			buildSettings = {
				ALWAYS_SEARCH_USER_PATHS = NO;
				CLANG_ANALYZER_NONNULL = YES;
				CLANG_ANALYZER_NUMBER_OBJECT_CONVERSION = YES_AGGRESSIVE;
				CLANG_CXX_LANGUAGE_STANDARD = "gnu++20";
				CLANG_ENABLE_MODULES = YES;
				CLANG_ENABLE_OBJC_ARC = YES;
				CLANG_ENABLE_OBJC_WEAK = YES;
				CLANG_WARN_BLOCK_CAPTURE_AUTORELEASING = YES;
				CLANG_WARN_BOOL_CONVERSION = YES;
				CLANG_WARN_COMMA = YES;
				CLANG_WARN_CONSTANT_CONVERSION = YES;
				CLANG_WARN_DEPRECATED_OBJC_IMPLEMENTATIONS = YES;
				CLANG_WARN_DIRECT_OBJC_ISA_USAGE = YES_ERROR;
				CLANG_WARN_DOCUMENTATION_COMMENTS = YES;
				CLANG_WARN_EMPTY_BODY = YES;
				CLANG_WARN_ENUM_CONVERSION = YES;
				CLANG_WARN_INFINITE_RECURSION = YES;
				CLANG_WARN_INT_CONVERSION = YES;
				CLANG_WARN_NON_LITERAL_NULL_CONVERSION = YES;
				CLANG_WARN_OBJC_IMPLICIT_RETAIN_SELF = YES;
				CLANG_WARN_OBJC_LITERAL_CONVERSION = YES;
				CLANG_WARN_OBJC_ROOT_CLASS = YES_ERROR;
				CLANG_WARN_QUOTED_INCLUDE_IN_FRAMEWORK_HEADER = YES;
				CLANG_WARN_RANGE_LOOP_ANALYSIS = YES;
				CLANG_WARN_STRICT_PROTOTYPES = YES;
				CLANG_WARN_SUSPICIOUS_MOVE = YES;
				CLANG_WARN_UNGUARDED_AVAILABILITY = YES_AGGRESSIVE;
				CLANG_WARN_UNREACHABLE_CODE = YES;
				CLANG_WARN__DUPLICATE_METHOD_MATCH = YES;
				COPY_PHASE_STRIP = NO;
				DEBUG_INFORMATION_FORMAT = "dwarf-with-dsym";
				ENABLE_NS_ASSERTIONS = NO;
				ENABLE_STRICT_OBJC_MSGSEND = YES;
				GCC_C_LANGUAGE_STANDARD = gnu11;
				GCC_NO_COMMON_BLOCKS = YES;
				GCC_WARN_64_TO_32_BIT_CONVERSION = YES;
				GCC_WARN_ABOUT_RETURN_TYPE = YES_ERROR;
				GCC_WARN_UNDECLARED_SELECTOR = YES;
				GCC_WARN_UNINITIALIZED_AUTOS = YES_AGGRESSIVE;
				GCC_WARN_UNUSED_FUNCTION = YES;
				GCC_WARN_UNUSED_VARIABLE = YES;
				IPHONEOS_DEPLOYMENT_TARGET = 16.4;
				MTL_ENABLE_DEBUG_INFO = NO;
				MTL_FAST_MATH = YES;
				SDKROOT = iphoneos;
				SWIFT_COMPILATION_MODE = wholemodule;
				SWIFT_OPTIMIZATION_LEVEL = "-O";
				VALIDATE_PRODUCT = YES;
			};
			name = Release;
		};
		32B8D6402A4C574C0069A7E9 /* Debug */ = {
			isa = XCBuildConfiguration;
			buildSettings = {
				ASSETCATALOG_COMPILER_APPICON_NAME = AppIcon;
				ASSETCATALOG_COMPILER_GLOBAL_ACCENT_COLOR_NAME = AccentColor;
				CODE_SIGN_STYLE = Automatic;
				CURRENT_PROJECT_VERSION = 1;
				DEVELOPMENT_TEAM = F638V29VVL;
				GENERATE_INFOPLIST_FILE = YES;
				INFOPLIST_FILE = RadiusScreeningTest/Info.plist;
				INFOPLIST_KEY_UIApplicationSupportsIndirectInputEvents = YES;
				INFOPLIST_KEY_UILaunchStoryboardName = LaunchScreen;
				INFOPLIST_KEY_UIMainStoryboardFile = Main;
				INFOPLIST_KEY_UISupportedInterfaceOrientations_iPad = "UIInterfaceOrientationPortrait UIInterfaceOrientationPortraitUpsideDown UIInterfaceOrientationLandscapeLeft UIInterfaceOrientationLandscapeRight";
				INFOPLIST_KEY_UISupportedInterfaceOrientations_iPhone = "UIInterfaceOrientationPortrait UIInterfaceOrientationLandscapeLeft UIInterfaceOrientationLandscapeRight";
				IPHONEOS_DEPLOYMENT_TARGET = 15.5;
				LD_RUNPATH_SEARCH_PATHS = (
					"$(inherited)",
					"@executable_path/Frameworks",
				);
				MARKETING_VERSION = 1.0;
				PRODUCT_BUNDLE_IDENTIFIER = com.mactyagi.RadiusScreeningTest;
				PRODUCT_NAME = "$(TARGET_NAME)";
				SWIFT_EMIT_LOC_STRINGS = YES;
				SWIFT_VERSION = 5.0;
				TARGETED_DEVICE_FAMILY = "1,2";
			};
			name = Debug;
		};
		32B8D6412A4C574C0069A7E9 /* Release */ = {
			isa = XCBuildConfiguration;
			buildSettings = {
				ASSETCATALOG_COMPILER_APPICON_NAME = AppIcon;
				ASSETCATALOG_COMPILER_GLOBAL_ACCENT_COLOR_NAME = AccentColor;
				CODE_SIGN_STYLE = Automatic;
				CURRENT_PROJECT_VERSION = 1;
				DEVELOPMENT_TEAM = F638V29VVL;
				GENERATE_INFOPLIST_FILE = YES;
				INFOPLIST_FILE = RadiusScreeningTest/Info.plist;
				INFOPLIST_KEY_UIApplicationSupportsIndirectInputEvents = YES;
				INFOPLIST_KEY_UILaunchStoryboardName = LaunchScreen;
				INFOPLIST_KEY_UIMainStoryboardFile = Main;
				INFOPLIST_KEY_UISupportedInterfaceOrientations_iPad = "UIInterfaceOrientationPortrait UIInterfaceOrientationPortraitUpsideDown UIInterfaceOrientationLandscapeLeft UIInterfaceOrientationLandscapeRight";
				INFOPLIST_KEY_UISupportedInterfaceOrientations_iPhone = "UIInterfaceOrientationPortrait UIInterfaceOrientationLandscapeLeft UIInterfaceOrientationLandscapeRight";
				IPHONEOS_DEPLOYMENT_TARGET = 15.5;
				LD_RUNPATH_SEARCH_PATHS = (
					"$(inherited)",
					"@executable_path/Frameworks",
				);
				MARKETING_VERSION = 1.0;
				PRODUCT_BUNDLE_IDENTIFIER = com.mactyagi.RadiusScreeningTest;
				PRODUCT_NAME = "$(TARGET_NAME)";
				SWIFT_EMIT_LOC_STRINGS = YES;
				SWIFT_VERSION = 5.0;
				TARGETED_DEVICE_FAMILY = "1,2";
			};
			name = Release;
		};
/* End XCBuildConfiguration section */

/* Begin XCConfigurationList section */
		32B8D6262A4C574B0069A7E9 /* Build configuration list for PBXProject "RadiusScreeningTest" */ = {
			isa = XCConfigurationList;
			buildConfigurations = (
				32B8D63D2A4C574C0069A7E9 /* Debug */,
				32B8D63E2A4C574C0069A7E9 /* Release */,
			);
			defaultConfigurationIsVisible = 0;
			defaultConfigurationName = Release;
		};
		32B8D63F2A4C574C0069A7E9 /* Build configuration list for PBXNativeTarget "RadiusScreeningTest" */ = {
			isa = XCConfigurationList;
			buildConfigurations = (
				32B8D6402A4C574C0069A7E9 /* Debug */,
				32B8D6412A4C574C0069A7E9 /* Release */,
			);
			defaultConfigurationIsVisible = 0;
			defaultConfigurationName = Release;
		};
/* End XCConfigurationList section */
	};
	rootObject = 32B8D6232A4C574B0069A7E9 /* Project object */;
}
